
Microsoft Visual Studio Solution File, Format Version 12.00
# Visual Studio Version 17
VisualStudioVersion = 17.8.34322.80
MinimumVisualStudioVersion = 10.0.40219.1
Project("{9A19103F-16F7-4668-BE54-9A1E7A4F7556}") = "N5_API", "N5_API.csproj", "{1257DE56-1462-499D-A60C-A4B8243F7CA4}"
EndProject
Project("{2150E333-8FDC-42A3-9474-1A3956D46DE8}") = "Core", "Core", "{0C0EFE6B-F20C-499B-822D-260507C1460D}"
EndProject
Project("{2150E333-8FDC-42A3-9474-1A3956D46DE8}") = "Infraestructure", "Infraestructure", "{2073C15B-FF84-487A-BA4A-E6E324CF67DA}"
EndProject
Project("{2150E333-8FDC-42A3-9474-1A3956D46DE8}") = "Middleware", "Middleware", "{72A21DEA-84D2-49B0-8E24-03E9220A87A6}"
EndProject
Project("{9A19103F-16F7-4668-BE54-9A1E7A4F7556}") = "N5_API.Project.Base", "CarDealer.Project.Base\N5_API.Project.Base.csproj", "{B3A7EEC3-0F96-4961-9C1A-65845C1A6688}"
EndProject
Project("{9A19103F-16F7-4668-BE54-9A1E7A4F7556}") = "N5_API.Project.Entities", "CarDealer.Project.Entities\N5_API.Project.Entities.csproj", "{84B6F938-5E55-460E-8E87-CE11C0DDA0A6}"
EndProject
Project("{9A19103F-16F7-4668-BE54-9A1E7A4F7556}") = "N5_API.Project.Models", "CarDealer.Project.Models\N5_API.Project.Models.csproj", "{0AF762F2-63C8-4478-9DE3-D8F186811D7C}"
EndProject
Project("{9A19103F-16F7-4668-BE54-9A1E7A4F7556}") = "N5_API.Project.Services", "CarDealer.Project.Services\N5_API.Project.Services.csproj", "{C7581CD8-790B-406E-8C14-68DEB3B6D168}"
EndProject
Project("{9A19103F-16F7-4668-BE54-9A1E7A4F7556}") = "N5_API.Project.Repositories", "CarDealer.Project.Repositories\N5_API.Project.Repositories.csproj", "{BC7B7A2D-7E9E-4980-8C03-2D848451F740}"
EndProject
Project("{9A19103F-16F7-4668-BE54-9A1E7A4F7556}") = "N5_API.Project.UnitOfWork", "CarDealer.Project.UnitOfWork\N5_API.Project.UnitOfWork.csproj", "{A6693DE7-D111-4D7E-906D-7A5D3C88B557}"
EndProject
Project("{9A19103F-16F7-4668-BE54-9A1E7A4F7556}") = "N5_API.Project.Hubs", "CarDearler.Project.Hubs\N5_API.Project.Hubs.csproj", "{404DF68E-45B2-461D-AFC6-74F234C78664}"
EndProject
Project("{9A19103F-16F7-4668-BE54-9A1E7A4F7556}") = "N5_API.Project.RedisMiddleware", "CarDealer.Project.RedisMiddleware\N5_API.Project.RedisMiddleware.csproj", "{3AA461FA-DA22-4851-AAE6-17EEEF6B819E}"
EndProject
Project("{9A19103F-16F7-4668-BE54-9A1E7A4F7556}") = "N5_API.Project.MiddlewareSupport", "CarDealer.Project.MiddlewareSupport\N5_API.Project.MiddlewareSupport.csproj", "{3F03C6C8-BE1F-4090-B4B9-E6734FAFD2E5}"
EndProject
Project("{2150E333-8FDC-42A3-9474-1A3956D46DE8}") = "CQRS", "CQRS", "{EC58BC62-C193-4830-8392-567576E30976}"
EndProject
Project("{2150E333-8FDC-42A3-9474-1A3956D46DE8}") = "Commands", "Commands", "{30579105-F921-4B28-BA09-DFDCAF09CB29}"
EndProject
Project("{2150E333-8FDC-42A3-9474-1A3956D46DE8}") = "Queries", "Queries", "{B6D808B7-87A7-4ABF-9044-23E2FEEBAADB}"
EndProject
Global
	GlobalSection(SolutionConfigurationPlatforms) = preSolution
		Debug|Any CPU = Debug|Any CPU
		Release|Any CPU = Release|Any CPU
	EndGlobalSection
	GlobalSection(ProjectConfigurationPlatforms) = postSolution
		{1257DE56-1462-499D-A60C-A4B8243F7CA4}.Debug|Any CPU.ActiveCfg = Debug|Any CPU
		{1257DE56-1462-499D-A60C-A4B8243F7CA4}.Debug|Any CPU.Build.0 = Debug|Any CPU
		{1257DE56-1462-499D-A60C-A4B8243F7CA4}.Release|Any CPU.ActiveCfg = Release|Any CPU
		{1257DE56-1462-499D-A60C-A4B8243F7CA4}.Release|Any CPU.Build.0 = Release|Any CPU
		{B3A7EEC3-0F96-4961-9C1A-65845C1A6688}.Debug|Any CPU.ActiveCfg = Debug|Any CPU
		{B3A7EEC3-0F96-4961-9C1A-65845C1A6688}.Debug|Any CPU.Build.0 = Debug|Any CPU
		{B3A7EEC3-0F96-4961-9C1A-65845C1A6688}.Release|Any CPU.ActiveCfg = Release|Any CPU
		{B3A7EEC3-0F96-4961-9C1A-65845C1A6688}.Release|Any CPU.Build.0 = Release|Any CPU
		{84B6F938-5E55-460E-8E87-CE11C0DDA0A6}.Debug|Any CPU.ActiveCfg = Debug|Any CPU
		{84B6F938-5E55-460E-8E87-CE11C0DDA0A6}.Debug|Any CPU.Build.0 = Debug|Any CPU
		{84B6F938-5E55-460E-8E87-CE11C0DDA0A6}.Release|Any CPU.ActiveCfg = Release|Any CPU
		{84B6F938-5E55-460E-8E87-CE11C0DDA0A6}.Release|Any CPU.Build.0 = Release|Any CPU
		{0AF762F2-63C8-4478-9DE3-D8F186811D7C}.Debug|Any CPU.ActiveCfg = Debug|Any CPU
		{0AF762F2-63C8-4478-9DE3-D8F186811D7C}.Debug|Any CPU.Build.0 = Debug|Any CPU
		{0AF762F2-63C8-4478-9DE3-D8F186811D7C}.Release|Any CPU.ActiveCfg = Release|Any CPU
		{0AF762F2-63C8-4478-9DE3-D8F186811D7C}.Release|Any CPU.Build.0 = Release|Any CPU
		{C7581CD8-790B-406E-8C14-68DEB3B6D168}.Debug|Any CPU.ActiveCfg = Debug|Any CPU
		{C7581CD8-790B-406E-8C14-68DEB3B6D168}.Debug|Any CPU.Build.0 = Debug|Any CPU
		{C7581CD8-790B-406E-8C14-68DEB3B6D168}.Release|Any CPU.ActiveCfg = Release|Any CPU
		{C7581CD8-790B-406E-8C14-68DEB3B6D168}.Release|Any CPU.Build.0 = Release|Any CPU
		{BC7B7A2D-7E9E-4980-8C03-2D848451F740}.Debug|Any CPU.ActiveCfg = Debug|Any CPU
		{BC7B7A2D-7E9E-4980-8C03-2D848451F740}.Debug|Any CPU.Build.0 = Debug|Any CPU
		{BC7B7A2D-7E9E-4980-8C03-2D848451F740}.Release|Any CPU.ActiveCfg = Release|Any CPU
		{BC7B7A2D-7E9E-4980-8C03-2D848451F740}.Release|Any CPU.Build.0 = Release|Any CPU
		{A6693DE7-D111-4D7E-906D-7A5D3C88B557}.Debug|Any CPU.ActiveCfg = Debug|Any CPU
		{A6693DE7-D111-4D7E-906D-7A5D3C88B557}.Debug|Any CPU.Build.0 = Debug|Any CPU
		{A6693DE7-D111-4D7E-906D-7A5D3C88B557}.Release|Any CPU.ActiveCfg = Release|Any CPU
		{A6693DE7-D111-4D7E-906D-7A5D3C88B557}.Release|Any CPU.Build.0 = Release|Any CPU
		{404DF68E-45B2-461D-AFC6-74F234C78664}.Debug|Any CPU.ActiveCfg = Debug|Any CPU
		{404DF68E-45B2-461D-AFC6-74F234C78664}.Debug|Any CPU.Build.0 = Debug|Any CPU
		{404DF68E-45B2-461D-AFC6-74F234C78664}.Release|Any CPU.ActiveCfg = Release|Any CPU
		{404DF68E-45B2-461D-AFC6-74F234C78664}.Release|Any CPU.Build.0 = Release|Any CPU
		{3AA461FA-DA22-4851-AAE6-17EEEF6B819E}.Debug|Any CPU.ActiveCfg = Debug|Any CPU
		{3AA461FA-DA22-4851-AAE6-17EEEF6B819E}.Debug|Any CPU.Build.0 = Debug|Any CPU
		{3AA461FA-DA22-4851-AAE6-17EEEF6B819E}.Release|Any CPU.ActiveCfg = Release|Any CPU
		{3AA461FA-DA22-4851-AAE6-17EEEF6B819E}.Release|Any CPU.Build.0 = Release|Any CPU
		{3F03C6C8-BE1F-4090-B4B9-E6734FAFD2E5}.Debug|Any CPU.ActiveCfg = Debug|Any CPU
		{3F03C6C8-BE1F-4090-B4B9-E6734FAFD2E5}.Debug|Any CPU.Build.0 = Debug|Any CPU
		{3F03C6C8-BE1F-4090-B4B9-E6734FAFD2E5}.Release|Any CPU.ActiveCfg = Release|Any CPU
		{3F03C6C8-BE1F-4090-B4B9-E6734FAFD2E5}.Release|Any CPU.Build.0 = Release|Any CPU
	EndGlobalSection
	GlobalSection(SolutionProperties) = preSolution
		HideSolutionNode = FALSE
	EndGlobalSection
	GlobalSection(NestedProjects) = preSolution
		{72A21DEA-84D2-49B0-8E24-03E9220A87A6} = {2073C15B-FF84-487A-BA4A-E6E324CF67DA}
		{B3A7EEC3-0F96-4961-9C1A-65845C1A6688} = {0C0EFE6B-F20C-499B-822D-260507C1460D}
		{84B6F938-5E55-460E-8E87-CE11C0DDA0A6} = {0C0EFE6B-F20C-499B-822D-260507C1460D}
		{0AF762F2-63C8-4478-9DE3-D8F186811D7C} = {0C0EFE6B-F20C-499B-822D-260507C1460D}
		{C7581CD8-790B-406E-8C14-68DEB3B6D168} = {0C0EFE6B-F20C-499B-822D-260507C1460D}
		{BC7B7A2D-7E9E-4980-8C03-2D848451F740} = {2073C15B-FF84-487A-BA4A-E6E324CF67DA}
		{A6693DE7-D111-4D7E-906D-7A5D3C88B557} = {2073C15B-FF84-487A-BA4A-E6E324CF67DA}
		{404DF68E-45B2-461D-AFC6-74F234C78664} = {2073C15B-FF84-487A-BA4A-E6E324CF67DA}
		{3AA461FA-DA22-4851-AAE6-17EEEF6B819E} = {72A21DEA-84D2-49B0-8E24-03E9220A87A6}
		{3F03C6C8-BE1F-4090-B4B9-E6734FAFD2E5} = {72A21DEA-84D2-49B0-8E24-03E9220A87A6}
		{30579105-F921-4B28-BA09-DFDCAF09CB29} = {EC58BC62-C193-4830-8392-567576E30976}
		{B6D808B7-87A7-4ABF-9044-23E2FEEBAADB} = {EC58BC62-C193-4830-8392-567576E30976}
	EndGlobalSection
	GlobalSection(ExtensibilityGlobals) = postSolution
		SolutionGuid = {9080E2D1-5168-41F5-8003-775CAC7967AA}
	EndGlobalSection
EndGlobal
