
Microsoft Visual Studio Solution File, Format Version 12.00
# Visual Studio Version 17
VisualStudioVersion = 17.8.34322.80
MinimumVisualStudioVersion = 10.0.40219.1
Project("{9A19103F-16F7-4668-BE54-9A1E7A4F7556}") = "N5_API", "N5_API.csproj", "{1257DE56-1462-499D-A60C-A4B8243F7CA4}"
EndProject
Project("{2150E333-8FDC-42A3-9474-1A3956D46DE8}") = "Core", "Core", "{0C0EFE6B-F20C-499B-822D-260507C1460D}"
EndProject
Project("{2150E333-8FDC-42A3-9474-1A3956D46DE8}") = "Infraestructure", "Infraestructure", "{2073C15B-FF84-487A-BA4A-E6E324CF67DA}"
EndProject
Project("{2150E333-8FDC-42A3-9474-1A3956D46DE8}") = "Middleware", "Middleware", "{72A21DEA-84D2-49B0-8E24-03E9220A87A6}"
EndProject
Project("{2150E333-8FDC-42A3-9474-1A3956D46DE8}") = "CQRS", "CQRS", "{EC58BC62-C193-4830-8392-567576E30976}"
EndProject
Project("{2150E333-8FDC-42A3-9474-1A3956D46DE8}") = "Commands", "Commands", "{30579105-F921-4B28-BA09-DFDCAF09CB29}"
EndProject
Project("{2150E333-8FDC-42A3-9474-1A3956D46DE8}") = "Queries", "Queries", "{B6D808B7-87A7-4ABF-9044-23E2FEEBAADB}"
EndProject
Project("{9A19103F-16F7-4668-BE54-9A1E7A4F7556}") = "N5_API.Project.Base", "N5_API.Project.Base\N5_API.Project.Base.csproj", "{F18B91FA-0961-47E6-95CD-75AC460FA134}"
EndProject
Project("{9A19103F-16F7-4668-BE54-9A1E7A4F7556}") = "N5_API.Project.Entities", "N5_API.Project.Entities\N5_API.Project.Entities.csproj", "{3CE03323-9349-4FDB-AA1A-E95367CFFDC9}"
EndProject
Project("{9A19103F-16F7-4668-BE54-9A1E7A4F7556}") = "N5_API.Project.Models", "N5_API.Project.Models\N5_API.Project.Models.csproj", "{FDCCCB3D-1927-42AE-BD45-165437E5BFC4}"
EndProject
Project("{9A19103F-16F7-4668-BE54-9A1E7A4F7556}") = "N5_API.Project.Services", "N5_API.Project.Services\N5_API.Project.Services.csproj", "{AB1D7062-7667-4BFB-89F3-79BDA3134EDE}"
EndProject
Project("{9A19103F-16F7-4668-BE54-9A1E7A4F7556}") = "N5_API.Project.MiddlewareSupport", "N5_API.Project.MiddlewareSupport\N5_API.Project.MiddlewareSupport.csproj", "{8CD2F8B2-C403-4264-A020-7400D65FB14A}"
EndProject
Project("{9A19103F-16F7-4668-BE54-9A1E7A4F7556}") = "N5_API.Project.RedisMiddleware", "N5_API.Project.RedisMiddleware\N5_API.Project.RedisMiddleware.csproj", "{A67EB812-E409-4CB3-B0B9-03E2B0A7DF9B}"
EndProject
Project("{9A19103F-16F7-4668-BE54-9A1E7A4F7556}") = "N5_API.Project.Hubs", "N5_API.Project.Hubs\N5_API.Project.Hubs.csproj", "{04902229-7BDA-4A1F-B6B7-0D21A2F66C76}"
EndProject
Project("{9A19103F-16F7-4668-BE54-9A1E7A4F7556}") = "N5_API.Project.Repositories", "N5_API.Project.Repositories\N5_API.Project.Repositories.csproj", "{00B2118C-1FD7-4EE7-B5B5-EBA51985E072}"
EndProject
Project("{9A19103F-16F7-4668-BE54-9A1E7A4F7556}") = "N5_API.Project.UnitOfWork", "N5_API.Project.UnitOfWork\N5_API.Project.UnitOfWork.csproj", "{A286E767-0419-465B-B859-B02B68B563B4}"
EndProject
Global
	GlobalSection(SolutionConfigurationPlatforms) = preSolution
		Debug|Any CPU = Debug|Any CPU
		Release|Any CPU = Release|Any CPU
	EndGlobalSection
	GlobalSection(ProjectConfigurationPlatforms) = postSolution
		{1257DE56-1462-499D-A60C-A4B8243F7CA4}.Debug|Any CPU.ActiveCfg = Debug|Any CPU
		{1257DE56-1462-499D-A60C-A4B8243F7CA4}.Debug|Any CPU.Build.0 = Debug|Any CPU
		{1257DE56-1462-499D-A60C-A4B8243F7CA4}.Release|Any CPU.ActiveCfg = Release|Any CPU
		{1257DE56-1462-499D-A60C-A4B8243F7CA4}.Release|Any CPU.Build.0 = Release|Any CPU
		{F18B91FA-0961-47E6-95CD-75AC460FA134}.Debug|Any CPU.ActiveCfg = Debug|Any CPU
		{F18B91FA-0961-47E6-95CD-75AC460FA134}.Debug|Any CPU.Build.0 = Debug|Any CPU
		{F18B91FA-0961-47E6-95CD-75AC460FA134}.Release|Any CPU.ActiveCfg = Release|Any CPU
		{F18B91FA-0961-47E6-95CD-75AC460FA134}.Release|Any CPU.Build.0 = Release|Any CPU
		{3CE03323-9349-4FDB-AA1A-E95367CFFDC9}.Debug|Any CPU.ActiveCfg = Debug|Any CPU
		{3CE03323-9349-4FDB-AA1A-E95367CFFDC9}.Debug|Any CPU.Build.0 = Debug|Any CPU
		{3CE03323-9349-4FDB-AA1A-E95367CFFDC9}.Release|Any CPU.ActiveCfg = Release|Any CPU
		{3CE03323-9349-4FDB-AA1A-E95367CFFDC9}.Release|Any CPU.Build.0 = Release|Any CPU
		{FDCCCB3D-1927-42AE-BD45-165437E5BFC4}.Debug|Any CPU.ActiveCfg = Debug|Any CPU
		{FDCCCB3D-1927-42AE-BD45-165437E5BFC4}.Debug|Any CPU.Build.0 = Debug|Any CPU
		{FDCCCB3D-1927-42AE-BD45-165437E5BFC4}.Release|Any CPU.ActiveCfg = Release|Any CPU
		{FDCCCB3D-1927-42AE-BD45-165437E5BFC4}.Release|Any CPU.Build.0 = Release|Any CPU
		{AB1D7062-7667-4BFB-89F3-79BDA3134EDE}.Debug|Any CPU.ActiveCfg = Debug|Any CPU
		{AB1D7062-7667-4BFB-89F3-79BDA3134EDE}.Debug|Any CPU.Build.0 = Debug|Any CPU
		{AB1D7062-7667-4BFB-89F3-79BDA3134EDE}.Release|Any CPU.ActiveCfg = Release|Any CPU
		{AB1D7062-7667-4BFB-89F3-79BDA3134EDE}.Release|Any CPU.Build.0 = Release|Any CPU
		{8CD2F8B2-C403-4264-A020-7400D65FB14A}.Debug|Any CPU.ActiveCfg = Debug|Any CPU
		{8CD2F8B2-C403-4264-A020-7400D65FB14A}.Debug|Any CPU.Build.0 = Debug|Any CPU
		{8CD2F8B2-C403-4264-A020-7400D65FB14A}.Release|Any CPU.ActiveCfg = Release|Any CPU
		{8CD2F8B2-C403-4264-A020-7400D65FB14A}.Release|Any CPU.Build.0 = Release|Any CPU
		{A67EB812-E409-4CB3-B0B9-03E2B0A7DF9B}.Debug|Any CPU.ActiveCfg = Debug|Any CPU
		{A67EB812-E409-4CB3-B0B9-03E2B0A7DF9B}.Debug|Any CPU.Build.0 = Debug|Any CPU
		{A67EB812-E409-4CB3-B0B9-03E2B0A7DF9B}.Release|Any CPU.ActiveCfg = Release|Any CPU
		{A67EB812-E409-4CB3-B0B9-03E2B0A7DF9B}.Release|Any CPU.Build.0 = Release|Any CPU
		{04902229-7BDA-4A1F-B6B7-0D21A2F66C76}.Debug|Any CPU.ActiveCfg = Debug|Any CPU
		{04902229-7BDA-4A1F-B6B7-0D21A2F66C76}.Debug|Any CPU.Build.0 = Debug|Any CPU
		{04902229-7BDA-4A1F-B6B7-0D21A2F66C76}.Release|Any CPU.ActiveCfg = Release|Any CPU
		{04902229-7BDA-4A1F-B6B7-0D21A2F66C76}.Release|Any CPU.Build.0 = Release|Any CPU
		{00B2118C-1FD7-4EE7-B5B5-EBA51985E072}.Debug|Any CPU.ActiveCfg = Debug|Any CPU
		{00B2118C-1FD7-4EE7-B5B5-EBA51985E072}.Debug|Any CPU.Build.0 = Debug|Any CPU
		{00B2118C-1FD7-4EE7-B5B5-EBA51985E072}.Release|Any CPU.ActiveCfg = Release|Any CPU
		{00B2118C-1FD7-4EE7-B5B5-EBA51985E072}.Release|Any CPU.Build.0 = Release|Any CPU
		{A286E767-0419-465B-B859-B02B68B563B4}.Debug|Any CPU.ActiveCfg = Debug|Any CPU
		{A286E767-0419-465B-B859-B02B68B563B4}.Debug|Any CPU.Build.0 = Debug|Any CPU
		{A286E767-0419-465B-B859-B02B68B563B4}.Release|Any CPU.ActiveCfg = Release|Any CPU
		{A286E767-0419-465B-B859-B02B68B563B4}.Release|Any CPU.Build.0 = Release|Any CPU
	EndGlobalSection
	GlobalSection(SolutionProperties) = preSolution
		HideSolutionNode = FALSE
	EndGlobalSection
	GlobalSection(NestedProjects) = preSolution
		{72A21DEA-84D2-49B0-8E24-03E9220A87A6} = {2073C15B-FF84-487A-BA4A-E6E324CF67DA}
		{30579105-F921-4B28-BA09-DFDCAF09CB29} = {EC58BC62-C193-4830-8392-567576E30976}
		{B6D808B7-87A7-4ABF-9044-23E2FEEBAADB} = {EC58BC62-C193-4830-8392-567576E30976}
		{F18B91FA-0961-47E6-95CD-75AC460FA134} = {0C0EFE6B-F20C-499B-822D-260507C1460D}
		{3CE03323-9349-4FDB-AA1A-E95367CFFDC9} = {0C0EFE6B-F20C-499B-822D-260507C1460D}
		{FDCCCB3D-1927-42AE-BD45-165437E5BFC4} = {0C0EFE6B-F20C-499B-822D-260507C1460D}
		{AB1D7062-7667-4BFB-89F3-79BDA3134EDE} = {0C0EFE6B-F20C-499B-822D-260507C1460D}
		{8CD2F8B2-C403-4264-A020-7400D65FB14A} = {72A21DEA-84D2-49B0-8E24-03E9220A87A6}
		{A67EB812-E409-4CB3-B0B9-03E2B0A7DF9B} = {72A21DEA-84D2-49B0-8E24-03E9220A87A6}
		{04902229-7BDA-4A1F-B6B7-0D21A2F66C76} = {2073C15B-FF84-487A-BA4A-E6E324CF67DA}
		{00B2118C-1FD7-4EE7-B5B5-EBA51985E072} = {2073C15B-FF84-487A-BA4A-E6E324CF67DA}
		{A286E767-0419-465B-B859-B02B68B563B4} = {2073C15B-FF84-487A-BA4A-E6E324CF67DA}
	EndGlobalSection
	GlobalSection(ExtensibilityGlobals) = postSolution
		SolutionGuid = {9080E2D1-5168-41F5-8003-775CAC7967AA}
	EndGlobalSection
EndGlobal
